
Microsoft Visual Studio Solution File, Format Version 12.00
# Visual Studio Version 17
VisualStudioVersion = 17.11.35219.272
MinimumVisualStudioVersion = 10.0.40219.1
Project("{FAE04EC0-301F-11D3-BF4B-00C04F79EFBC}") = "Uppgift1.2", "Uppgift1.2\Uppgift1.2.csproj", "{8C7B7843-91DA-4EA1-ADCC-404C479BD80C}"
EndProject
Global
	GlobalSection(SolutionConfigurationPlatforms) = preSolution
		Debug|Any CPU = Debug|Any CPU
		Release|Any CPU = Release|Any CPU
	EndGlobalSection
	GlobalSection(ProjectConfigurationPlatforms) = postSolution
		{8C7B7843-91DA-4EA1-ADCC-404C479BD80C}.Debug|Any CPU.ActiveCfg = Debug|Any CPU
		{8C7B7843-91DA-4EA1-ADCC-404C479BD80C}.Debug|Any CPU.Build.0 = Debug|Any CPU
		{8C7B7843-91DA-4EA1-ADCC-404C479BD80C}.Release|Any CPU.ActiveCfg = Release|Any CPU
		{8C7B7843-91DA-4EA1-ADCC-404C479BD80C}.Release|Any CPU.Build.0 = Release|Any CPU
	EndGlobalSection
	GlobalSection(SolutionProperties) = preSolution
		HideSolutionNode = FALSE
	EndGlobalSection
	GlobalSection(ExtensibilityGlobals) = postSolution
		SolutionGuid = {E065EDE9-E4AC-420D-A600-7279CC9C40EE}
	EndGlobalSection
EndGlobal
